
Microsoft Visual Studio Solution File, Format Version 12.00
# Visual Studio Version 17
VisualStudioVersion = 17.8.34330.188
MinimumVisualStudioVersion = 10.0.40219.1
Project("{2150E333-8FDC-42A3-9474-1A3956D46DE8}") = "Identity", "Identity", "{6E6C3277-4B8C-48E0-A248-8A3E186A1EA3}"
EndProject
Project("{9A19103F-16F7-4668-BE54-9A1E7A4F7556}") = "Identity.Presentation", "Identity\Identity.Presentation\Identity.Presentation.csproj", "{59381A1D-1A1F-4D45-BD80-AB3505557286}"
EndProject
Project("{9A19103F-16F7-4668-BE54-9A1E7A4F7556}") = "Identity.Domain", "Identity\Identity.Domain\Identity.Domain.csproj", "{161D40A4-386F-4D41-91F3-C1EF8B4FBADA}"
EndProject
Project("{9A19103F-16F7-4668-BE54-9A1E7A4F7556}") = "Identity.Application", "Identity\Identity.Application\Identity.Application.csproj", "{4B0FDA2E-7C1D-4C12-9E14-C9E7805B4FF3}"
EndProject
Project("{9A19103F-16F7-4668-BE54-9A1E7A4F7556}") = "Identity.Infrastructure", "Identity\Identity.Infrastructure\Identity.Infrastructure.csproj", "{0A613672-865B-47A5-BCE3-BBAA0766AB3A}"
EndProject
Project("{2150E333-8FDC-42A3-9474-1A3956D46DE8}") = "Item", "Item", "{52641865-C914-45CA-8707-004DE781232F}"
EndProject
Project("{9A19103F-16F7-4668-BE54-9A1E7A4F7556}") = "Item.DataAccess", "Item\Item.DataAccess\Item.DataAccess.csproj", "{AA976E32-6007-43FC-B0A2-C39E9DAE179F}"
EndProject
Project("{9A19103F-16F7-4668-BE54-9A1E7A4F7556}") = "Item.BusinessLogic", "Item\Item.BusinessLogic\Item.BusinessLogic.csproj", "{3A9D0C29-46E7-48E5-A2D1-AD5F77A13F13}"
EndProject
Project("{9A19103F-16F7-4668-BE54-9A1E7A4F7556}") = "Item.Presentation", "Item\Item.Presentation\Item.Presentation.csproj", "{2AD0F6EE-580B-41BC-928B-67725984E2CD}"
EndProject
Project("{2150E333-8FDC-42A3-9474-1A3956D46DE8}") = "Chat", "Chat", "{88FF24B8-EDCD-49A0-A060-33A78442D957}"
EndProject
Project("{9A19103F-16F7-4668-BE54-9A1E7A4F7556}") = "Chat.Infrastructure", "Chat\Chat.Infrastructure\Chat.Infrastructure.csproj", "{B1A3ED26-C1A1-42F8-AE0B-33A2ED6F01E5}"
EndProject
Project("{9A19103F-16F7-4668-BE54-9A1E7A4F7556}") = "Chat.Domain", "Chat\Chat.Domain\Chat.Domain.csproj", "{E252A4E9-AF7F-4FFF-9F5A-5ACF719D8CAE}"
EndProject
Project("{9A19103F-16F7-4668-BE54-9A1E7A4F7556}") = "Chat.Application", "Chat\Chat.Application\Chat.Application.csproj", "{602217A8-F28B-4965-BE7C-32639143E591}"
EndProject
Project("{9A19103F-16F7-4668-BE54-9A1E7A4F7556}") = "Chat.Presentation", "Chat\Chat.Presentation\Chat.Presentation.csproj", "{99A15068-C352-4049-8FD7-145B17FFB71F}"
EndProject
Project("{E53339B2-1760-4266-BCC7-CA923CBCF16C}") = "docker-compose", "docker-compose.dcproj", "{15F7D8FB-910E-4A98-9B82-EF08DC56E7D1}"
EndProject
Project("{FAE04EC0-301F-11D3-BF4B-00C04F79EFBC}") = "Contracts", "Contracts\Contracts.csproj", "{253DA87E-F3B2-4360-88C9-850FAD79D967}"
EndProject
Global
	GlobalSection(SolutionConfigurationPlatforms) = preSolution
		Debug|Any CPU = Debug|Any CPU
		Release|Any CPU = Release|Any CPU
	EndGlobalSection
	GlobalSection(ProjectConfigurationPlatforms) = postSolution
		{59381A1D-1A1F-4D45-BD80-AB3505557286}.Debug|Any CPU.ActiveCfg = Debug|Any CPU
		{59381A1D-1A1F-4D45-BD80-AB3505557286}.Debug|Any CPU.Build.0 = Debug|Any CPU
		{59381A1D-1A1F-4D45-BD80-AB3505557286}.Release|Any CPU.ActiveCfg = Release|Any CPU
		{59381A1D-1A1F-4D45-BD80-AB3505557286}.Release|Any CPU.Build.0 = Release|Any CPU
		{161D40A4-386F-4D41-91F3-C1EF8B4FBADA}.Debug|Any CPU.ActiveCfg = Debug|Any CPU
		{161D40A4-386F-4D41-91F3-C1EF8B4FBADA}.Debug|Any CPU.Build.0 = Debug|Any CPU
		{161D40A4-386F-4D41-91F3-C1EF8B4FBADA}.Release|Any CPU.ActiveCfg = Release|Any CPU
		{161D40A4-386F-4D41-91F3-C1EF8B4FBADA}.Release|Any CPU.Build.0 = Release|Any CPU
		{4B0FDA2E-7C1D-4C12-9E14-C9E7805B4FF3}.Debug|Any CPU.ActiveCfg = Debug|Any CPU
		{4B0FDA2E-7C1D-4C12-9E14-C9E7805B4FF3}.Debug|Any CPU.Build.0 = Debug|Any CPU
		{4B0FDA2E-7C1D-4C12-9E14-C9E7805B4FF3}.Release|Any CPU.ActiveCfg = Release|Any CPU
		{4B0FDA2E-7C1D-4C12-9E14-C9E7805B4FF3}.Release|Any CPU.Build.0 = Release|Any CPU
		{0A613672-865B-47A5-BCE3-BBAA0766AB3A}.Debug|Any CPU.ActiveCfg = Debug|Any CPU
		{0A613672-865B-47A5-BCE3-BBAA0766AB3A}.Debug|Any CPU.Build.0 = Debug|Any CPU
		{0A613672-865B-47A5-BCE3-BBAA0766AB3A}.Release|Any CPU.ActiveCfg = Release|Any CPU
		{0A613672-865B-47A5-BCE3-BBAA0766AB3A}.Release|Any CPU.Build.0 = Release|Any CPU
		{AA976E32-6007-43FC-B0A2-C39E9DAE179F}.Debug|Any CPU.ActiveCfg = Debug|Any CPU
		{AA976E32-6007-43FC-B0A2-C39E9DAE179F}.Debug|Any CPU.Build.0 = Debug|Any CPU
		{AA976E32-6007-43FC-B0A2-C39E9DAE179F}.Release|Any CPU.ActiveCfg = Release|Any CPU
		{AA976E32-6007-43FC-B0A2-C39E9DAE179F}.Release|Any CPU.Build.0 = Release|Any CPU
		{3A9D0C29-46E7-48E5-A2D1-AD5F77A13F13}.Debug|Any CPU.ActiveCfg = Debug|Any CPU
		{3A9D0C29-46E7-48E5-A2D1-AD5F77A13F13}.Debug|Any CPU.Build.0 = Debug|Any CPU
		{3A9D0C29-46E7-48E5-A2D1-AD5F77A13F13}.Release|Any CPU.ActiveCfg = Release|Any CPU
		{3A9D0C29-46E7-48E5-A2D1-AD5F77A13F13}.Release|Any CPU.Build.0 = Release|Any CPU
		{2AD0F6EE-580B-41BC-928B-67725984E2CD}.Debug|Any CPU.ActiveCfg = Debug|Any CPU
		{2AD0F6EE-580B-41BC-928B-67725984E2CD}.Debug|Any CPU.Build.0 = Debug|Any CPU
		{2AD0F6EE-580B-41BC-928B-67725984E2CD}.Release|Any CPU.ActiveCfg = Release|Any CPU
		{2AD0F6EE-580B-41BC-928B-67725984E2CD}.Release|Any CPU.Build.0 = Release|Any CPU
		{B1A3ED26-C1A1-42F8-AE0B-33A2ED6F01E5}.Debug|Any CPU.ActiveCfg = Debug|Any CPU
		{B1A3ED26-C1A1-42F8-AE0B-33A2ED6F01E5}.Debug|Any CPU.Build.0 = Debug|Any CPU
		{B1A3ED26-C1A1-42F8-AE0B-33A2ED6F01E5}.Release|Any CPU.ActiveCfg = Release|Any CPU
		{B1A3ED26-C1A1-42F8-AE0B-33A2ED6F01E5}.Release|Any CPU.Build.0 = Release|Any CPU
		{E252A4E9-AF7F-4FFF-9F5A-5ACF719D8CAE}.Debug|Any CPU.ActiveCfg = Debug|Any CPU
		{E252A4E9-AF7F-4FFF-9F5A-5ACF719D8CAE}.Debug|Any CPU.Build.0 = Debug|Any CPU
		{E252A4E9-AF7F-4FFF-9F5A-5ACF719D8CAE}.Release|Any CPU.ActiveCfg = Release|Any CPU
		{E252A4E9-AF7F-4FFF-9F5A-5ACF719D8CAE}.Release|Any CPU.Build.0 = Release|Any CPU
		{602217A8-F28B-4965-BE7C-32639143E591}.Debug|Any CPU.ActiveCfg = Debug|Any CPU
		{602217A8-F28B-4965-BE7C-32639143E591}.Debug|Any CPU.Build.0 = Debug|Any CPU
		{602217A8-F28B-4965-BE7C-32639143E591}.Release|Any CPU.ActiveCfg = Release|Any CPU
		{602217A8-F28B-4965-BE7C-32639143E591}.Release|Any CPU.Build.0 = Release|Any CPU
		{99A15068-C352-4049-8FD7-145B17FFB71F}.Debug|Any CPU.ActiveCfg = Debug|Any CPU
		{99A15068-C352-4049-8FD7-145B17FFB71F}.Debug|Any CPU.Build.0 = Debug|Any CPU
		{99A15068-C352-4049-8FD7-145B17FFB71F}.Release|Any CPU.ActiveCfg = Release|Any CPU
		{99A15068-C352-4049-8FD7-145B17FFB71F}.Release|Any CPU.Build.0 = Release|Any CPU
		{15F7D8FB-910E-4A98-9B82-EF08DC56E7D1}.Debug|Any CPU.ActiveCfg = Debug|Any CPU
		{15F7D8FB-910E-4A98-9B82-EF08DC56E7D1}.Debug|Any CPU.Build.0 = Debug|Any CPU
		{15F7D8FB-910E-4A98-9B82-EF08DC56E7D1}.Release|Any CPU.ActiveCfg = Release|Any CPU
		{15F7D8FB-910E-4A98-9B82-EF08DC56E7D1}.Release|Any CPU.Build.0 = Release|Any CPU
		{253DA87E-F3B2-4360-88C9-850FAD79D967}.Debug|Any CPU.ActiveCfg = Debug|Any CPU
		{253DA87E-F3B2-4360-88C9-850FAD79D967}.Debug|Any CPU.Build.0 = Debug|Any CPU
		{253DA87E-F3B2-4360-88C9-850FAD79D967}.Release|Any CPU.ActiveCfg = Release|Any CPU
		{253DA87E-F3B2-4360-88C9-850FAD79D967}.Release|Any CPU.Build.0 = Release|Any CPU
	EndGlobalSection
	GlobalSection(SolutionProperties) = preSolution
		HideSolutionNode = FALSE
	EndGlobalSection
	GlobalSection(NestedProjects) = preSolution
		{59381A1D-1A1F-4D45-BD80-AB3505557286} = {6E6C3277-4B8C-48E0-A248-8A3E186A1EA3}
		{161D40A4-386F-4D41-91F3-C1EF8B4FBADA} = {6E6C3277-4B8C-48E0-A248-8A3E186A1EA3}
		{4B0FDA2E-7C1D-4C12-9E14-C9E7805B4FF3} = {6E6C3277-4B8C-48E0-A248-8A3E186A1EA3}
		{0A613672-865B-47A5-BCE3-BBAA0766AB3A} = {6E6C3277-4B8C-48E0-A248-8A3E186A1EA3}
		{AA976E32-6007-43FC-B0A2-C39E9DAE179F} = {52641865-C914-45CA-8707-004DE781232F}
		{3A9D0C29-46E7-48E5-A2D1-AD5F77A13F13} = {52641865-C914-45CA-8707-004DE781232F}
		{2AD0F6EE-580B-41BC-928B-67725984E2CD} = {52641865-C914-45CA-8707-004DE781232F}
		{B1A3ED26-C1A1-42F8-AE0B-33A2ED6F01E5} = {88FF24B8-EDCD-49A0-A060-33A78442D957}
		{E252A4E9-AF7F-4FFF-9F5A-5ACF719D8CAE} = {88FF24B8-EDCD-49A0-A060-33A78442D957}
		{602217A8-F28B-4965-BE7C-32639143E591} = {88FF24B8-EDCD-49A0-A060-33A78442D957}
		{99A15068-C352-4049-8FD7-145B17FFB71F} = {88FF24B8-EDCD-49A0-A060-33A78442D957}
	EndGlobalSection
	GlobalSection(ExtensibilityGlobals) = postSolution
		SolutionGuid = {304A8313-43B0-4090-B5F5-454E84779120}
	EndGlobalSection
EndGlobal
