
Microsoft Visual Studio Solution File, Format Version 12.00
# Visual Studio Version 17
VisualStudioVersion = 17.8.34330.188
MinimumVisualStudioVersion = 10.0.40219.1
Project("{9A19103F-16F7-4668-BE54-9A1E7A4F7556}") = "Product.DataAccess", "Product.DAL\Product.DataAccess.csproj", "{657A7885-F40D-4EE4-9DBC-0974BB991367}"
EndProject
Project("{9A19103F-16F7-4668-BE54-9A1E7A4F7556}") = "Product.BusinessLogic", "Product.BLL\Product.BusinessLogic.csproj", "{81B60D2D-A6FE-47B4-94AE-5B38665B85B3}"
EndProject
Project("{9A19103F-16F7-4668-BE54-9A1E7A4F7556}") = "Product.Presentation", "Product.WEB\Product.Presentation.csproj", "{C6CDB798-AA41-408F-905C-129C57B6A062}"
EndProject
Global
	GlobalSection(SolutionConfigurationPlatforms) = preSolution
		Debug|Any CPU = Debug|Any CPU
		Release|Any CPU = Release|Any CPU
	EndGlobalSection
	GlobalSection(ProjectConfigurationPlatforms) = postSolution
		{657A7885-F40D-4EE4-9DBC-0974BB991367}.Debug|Any CPU.ActiveCfg = Debug|Any CPU
		{657A7885-F40D-4EE4-9DBC-0974BB991367}.Debug|Any CPU.Build.0 = Debug|Any CPU
		{657A7885-F40D-4EE4-9DBC-0974BB991367}.Release|Any CPU.ActiveCfg = Release|Any CPU
		{657A7885-F40D-4EE4-9DBC-0974BB991367}.Release|Any CPU.Build.0 = Release|Any CPU
		{81B60D2D-A6FE-47B4-94AE-5B38665B85B3}.Debug|Any CPU.ActiveCfg = Debug|Any CPU
		{81B60D2D-A6FE-47B4-94AE-5B38665B85B3}.Debug|Any CPU.Build.0 = Debug|Any CPU
		{81B60D2D-A6FE-47B4-94AE-5B38665B85B3}.Release|Any CPU.ActiveCfg = Release|Any CPU
		{81B60D2D-A6FE-47B4-94AE-5B38665B85B3}.Release|Any CPU.Build.0 = Release|Any CPU
		{C6CDB798-AA41-408F-905C-129C57B6A062}.Debug|Any CPU.ActiveCfg = Debug|Any CPU
		{C6CDB798-AA41-408F-905C-129C57B6A062}.Debug|Any CPU.Build.0 = Debug|Any CPU
		{C6CDB798-AA41-408F-905C-129C57B6A062}.Release|Any CPU.ActiveCfg = Release|Any CPU
		{C6CDB798-AA41-408F-905C-129C57B6A062}.Release|Any CPU.Build.0 = Release|Any CPU
	EndGlobalSection
	GlobalSection(SolutionProperties) = preSolution
		HideSolutionNode = FALSE
	EndGlobalSection
	GlobalSection(ExtensibilityGlobals) = postSolution
		SolutionGuid = {2863E932-4001-4F19-A385-9196E8A4E050}
	EndGlobalSection
EndGlobal
