
Microsoft Visual Studio Solution File, Format Version 12.00
# Visual Studio Version 17
VisualStudioVersion = 17.8.34309.116
MinimumVisualStudioVersion = 10.0.40219.1
Project("{9A19103F-16F7-4668-BE54-9A1E7A4F7556}") = "Item.Presentation", "Item.Presentation\Item.Presentation.csproj", "{BBFBB6E4-ED32-46BD-B1C0-6767932B8276}"
EndProject
Project("{9A19103F-16F7-4668-BE54-9A1E7A4F7556}") = "Item.BusinessLogic", "Item.BusinessLogic\Item.BusinessLogic.csproj", "{B88DA0F6-3ADF-4C1F-B1FA-5485F213574E}"
EndProject
Project("{9A19103F-16F7-4668-BE54-9A1E7A4F7556}") = "Item.DataAccess", "Item.DataAccess\Item.DataAccess.csproj", "{467B1AA7-7DB7-4D1E-AD6A-329894E510DD}"
EndProject
Project("{E53339B2-1760-4266-BCC7-CA923CBCF16C}") = "docker-compose", "docker-compose.dcproj", "{A9FB4B03-446B-4FD9-9D07-D9B00D30C2A2}"
EndProject
Global
	GlobalSection(SolutionConfigurationPlatforms) = preSolution
		Debug|Any CPU = Debug|Any CPU
		Release|Any CPU = Release|Any CPU
	EndGlobalSection
	GlobalSection(ProjectConfigurationPlatforms) = postSolution
		{BBFBB6E4-ED32-46BD-B1C0-6767932B8276}.Debug|Any CPU.ActiveCfg = Debug|Any CPU
		{BBFBB6E4-ED32-46BD-B1C0-6767932B8276}.Debug|Any CPU.Build.0 = Debug|Any CPU
		{BBFBB6E4-ED32-46BD-B1C0-6767932B8276}.Release|Any CPU.ActiveCfg = Release|Any CPU
		{BBFBB6E4-ED32-46BD-B1C0-6767932B8276}.Release|Any CPU.Build.0 = Release|Any CPU
		{B88DA0F6-3ADF-4C1F-B1FA-5485F213574E}.Debug|Any CPU.ActiveCfg = Debug|Any CPU
		{B88DA0F6-3ADF-4C1F-B1FA-5485F213574E}.Debug|Any CPU.Build.0 = Debug|Any CPU
		{B88DA0F6-3ADF-4C1F-B1FA-5485F213574E}.Release|Any CPU.ActiveCfg = Release|Any CPU
		{B88DA0F6-3ADF-4C1F-B1FA-5485F213574E}.Release|Any CPU.Build.0 = Release|Any CPU
		{467B1AA7-7DB7-4D1E-AD6A-329894E510DD}.Debug|Any CPU.ActiveCfg = Debug|Any CPU
		{467B1AA7-7DB7-4D1E-AD6A-329894E510DD}.Debug|Any CPU.Build.0 = Debug|Any CPU
		{467B1AA7-7DB7-4D1E-AD6A-329894E510DD}.Release|Any CPU.ActiveCfg = Release|Any CPU
		{467B1AA7-7DB7-4D1E-AD6A-329894E510DD}.Release|Any CPU.Build.0 = Release|Any CPU
		{A9FB4B03-446B-4FD9-9D07-D9B00D30C2A2}.Debug|Any CPU.ActiveCfg = Debug|Any CPU
		{A9FB4B03-446B-4FD9-9D07-D9B00D30C2A2}.Debug|Any CPU.Build.0 = Debug|Any CPU
		{A9FB4B03-446B-4FD9-9D07-D9B00D30C2A2}.Release|Any CPU.ActiveCfg = Release|Any CPU
		{A9FB4B03-446B-4FD9-9D07-D9B00D30C2A2}.Release|Any CPU.Build.0 = Release|Any CPU
	EndGlobalSection
	GlobalSection(SolutionProperties) = preSolution
		HideSolutionNode = FALSE
	EndGlobalSection
	GlobalSection(ExtensibilityGlobals) = postSolution
		SolutionGuid = {F28DF066-869B-4029-9465-FA032040558B}
	EndGlobalSection
EndGlobal
