
Microsoft Visual Studio Solution File, Format Version 12.00
# Visual Studio Version 17
VisualStudioVersion = 17.8.34330.188
MinimumVisualStudioVersion = 10.0.40219.1
Project("{2150E333-8FDC-42A3-9474-1A3956D46DE8}") = "Identity", "Identity", "{6E6C3277-4B8C-48E0-A248-8A3E186A1EA3}"
EndProject
Project("{2150E333-8FDC-42A3-9474-1A3956D46DE8}") = "Item", "Item", "{52641865-C914-45CA-8707-004DE781232F}"
EndProject
Project("{2150E333-8FDC-42A3-9474-1A3956D46DE8}") = "Chat", "Chat", "{88FF24B8-EDCD-49A0-A060-33A78442D957}"
EndProject
Project("{9A19103F-16F7-4668-BE54-9A1E7A4F7556}") = "ApiGateway", "ApiGateway\ApiGateway.csproj", "{22E4BC74-0D30-4C87-9963-9C12C8C7E163}"
EndProject
Project("{2150E333-8FDC-42A3-9474-1A3956D46DE8}") = "Services", "Services", "{9886D6AF-FBDC-490F-84A5-96B98729AE3F}"
EndProject
Project("{9A19103F-16F7-4668-BE54-9A1E7A4F7556}") = "Shared", "Services\Shared\Shared.csproj", "{69D532B8-03E3-4CBD-8CB1-3BF0928F5137}"
EndProject
Project("{9A19103F-16F7-4668-BE54-9A1E7A4F7556}") = "Item.BusinessLogic", "Services\Item\Item.BusinessLogic\Item.BusinessLogic.csproj", "{38378461-B5A8-4803-A39D-2DD265745317}"
EndProject
Project("{9A19103F-16F7-4668-BE54-9A1E7A4F7556}") = "Item.DataAccess", "Services\Item\Item.DataAccess\Item.DataAccess.csproj", "{3CF05D6A-D315-43DA-B212-2F7F9CFE86BC}"
EndProject
Project("{9A19103F-16F7-4668-BE54-9A1E7A4F7556}") = "Item.Presentation", "Services\Item\Item.Presentation\Item.Presentation.csproj", "{B5045581-765C-41D1-9A61-EEA1368E6E5F}"
EndProject
Project("{9A19103F-16F7-4668-BE54-9A1E7A4F7556}") = "Identity.Domain", "Services\Identity\Identity.Domain\Identity.Domain.csproj", "{85387E60-2C40-4CD1-BBF4-C3046CE57254}"
EndProject
Project("{9A19103F-16F7-4668-BE54-9A1E7A4F7556}") = "Identity.Application", "Services\Identity\Identity.Application\Identity.Application.csproj", "{4E5AA867-99D0-4CC8-8494-F607C17A5248}"
EndProject
Project("{9A19103F-16F7-4668-BE54-9A1E7A4F7556}") = "Identity.Infrastructure", "Services\Identity\Identity.Infrastructure\Identity.Infrastructure.csproj", "{526F9502-0F33-4484-AFB9-C049C9CC3E9F}"
EndProject
Project("{9A19103F-16F7-4668-BE54-9A1E7A4F7556}") = "Identity.Presentation", "Services\Identity\Identity.Presentation\Identity.Presentation.csproj", "{E64D94FE-ACD9-4F13-99FF-98C994CCB90B}"
EndProject
Project("{9A19103F-16F7-4668-BE54-9A1E7A4F7556}") = "Chat.Domain", "Services\Chat\Chat.Domain\Chat.Domain.csproj", "{28AD7F44-6C8E-4433-BFE1-488A2E7D6444}"
EndProject
Project("{9A19103F-16F7-4668-BE54-9A1E7A4F7556}") = "Chat.Application", "Services\Chat\Chat.Application\Chat.Application.csproj", "{ABB87BDF-BA81-4964-90B4-E0932671485D}"
EndProject
Project("{9A19103F-16F7-4668-BE54-9A1E7A4F7556}") = "Chat.Infrastructure", "Services\Chat\Chat.Infrastructure\Chat.Infrastructure.csproj", "{0F3D24AF-E4AE-4AD3-9B15-AEBDECEA12D2}"
EndProject
Project("{9A19103F-16F7-4668-BE54-9A1E7A4F7556}") = "Chat.Presentation", "Services\Chat\Chat.Presentation\Chat.Presentation.csproj", "{3699952C-F4A4-4631-87FB-DB41631522D8}"
EndProject
Project("{E53339B2-1760-4266-BCC7-CA923CBCF16C}") = "docker-compose", "docker-compose.dcproj", "{AB4A3289-804E-42F6-977A-2DB532DDA71B}"
EndProject
Global
	GlobalSection(SolutionConfigurationPlatforms) = preSolution
		Debug|Any CPU = Debug|Any CPU
		Release|Any CPU = Release|Any CPU
	EndGlobalSection
	GlobalSection(ProjectConfigurationPlatforms) = postSolution
		{22E4BC74-0D30-4C87-9963-9C12C8C7E163}.Debug|Any CPU.ActiveCfg = Debug|Any CPU
		{22E4BC74-0D30-4C87-9963-9C12C8C7E163}.Debug|Any CPU.Build.0 = Debug|Any CPU
		{22E4BC74-0D30-4C87-9963-9C12C8C7E163}.Release|Any CPU.ActiveCfg = Release|Any CPU
		{22E4BC74-0D30-4C87-9963-9C12C8C7E163}.Release|Any CPU.Build.0 = Release|Any CPU
		{69D532B8-03E3-4CBD-8CB1-3BF0928F5137}.Debug|Any CPU.ActiveCfg = Debug|Any CPU
		{69D532B8-03E3-4CBD-8CB1-3BF0928F5137}.Debug|Any CPU.Build.0 = Debug|Any CPU
		{69D532B8-03E3-4CBD-8CB1-3BF0928F5137}.Release|Any CPU.ActiveCfg = Release|Any CPU
		{69D532B8-03E3-4CBD-8CB1-3BF0928F5137}.Release|Any CPU.Build.0 = Release|Any CPU
		{38378461-B5A8-4803-A39D-2DD265745317}.Debug|Any CPU.ActiveCfg = Debug|Any CPU
		{38378461-B5A8-4803-A39D-2DD265745317}.Debug|Any CPU.Build.0 = Debug|Any CPU
		{38378461-B5A8-4803-A39D-2DD265745317}.Release|Any CPU.ActiveCfg = Release|Any CPU
		{38378461-B5A8-4803-A39D-2DD265745317}.Release|Any CPU.Build.0 = Release|Any CPU
		{3CF05D6A-D315-43DA-B212-2F7F9CFE86BC}.Debug|Any CPU.ActiveCfg = Debug|Any CPU
		{3CF05D6A-D315-43DA-B212-2F7F9CFE86BC}.Debug|Any CPU.Build.0 = Debug|Any CPU
		{3CF05D6A-D315-43DA-B212-2F7F9CFE86BC}.Release|Any CPU.ActiveCfg = Release|Any CPU
		{3CF05D6A-D315-43DA-B212-2F7F9CFE86BC}.Release|Any CPU.Build.0 = Release|Any CPU
		{B5045581-765C-41D1-9A61-EEA1368E6E5F}.Debug|Any CPU.ActiveCfg = Debug|Any CPU
		{B5045581-765C-41D1-9A61-EEA1368E6E5F}.Debug|Any CPU.Build.0 = Debug|Any CPU
		{B5045581-765C-41D1-9A61-EEA1368E6E5F}.Release|Any CPU.ActiveCfg = Release|Any CPU
		{B5045581-765C-41D1-9A61-EEA1368E6E5F}.Release|Any CPU.Build.0 = Release|Any CPU
		{85387E60-2C40-4CD1-BBF4-C3046CE57254}.Debug|Any CPU.ActiveCfg = Debug|Any CPU
		{85387E60-2C40-4CD1-BBF4-C3046CE57254}.Debug|Any CPU.Build.0 = Debug|Any CPU
		{85387E60-2C40-4CD1-BBF4-C3046CE57254}.Release|Any CPU.ActiveCfg = Release|Any CPU
		{85387E60-2C40-4CD1-BBF4-C3046CE57254}.Release|Any CPU.Build.0 = Release|Any CPU
		{4E5AA867-99D0-4CC8-8494-F607C17A5248}.Debug|Any CPU.ActiveCfg = Debug|Any CPU
		{4E5AA867-99D0-4CC8-8494-F607C17A5248}.Debug|Any CPU.Build.0 = Debug|Any CPU
		{4E5AA867-99D0-4CC8-8494-F607C17A5248}.Release|Any CPU.ActiveCfg = Release|Any CPU
		{4E5AA867-99D0-4CC8-8494-F607C17A5248}.Release|Any CPU.Build.0 = Release|Any CPU
		{526F9502-0F33-4484-AFB9-C049C9CC3E9F}.Debug|Any CPU.ActiveCfg = Debug|Any CPU
		{526F9502-0F33-4484-AFB9-C049C9CC3E9F}.Debug|Any CPU.Build.0 = Debug|Any CPU
		{526F9502-0F33-4484-AFB9-C049C9CC3E9F}.Release|Any CPU.ActiveCfg = Release|Any CPU
		{526F9502-0F33-4484-AFB9-C049C9CC3E9F}.Release|Any CPU.Build.0 = Release|Any CPU
		{E64D94FE-ACD9-4F13-99FF-98C994CCB90B}.Debug|Any CPU.ActiveCfg = Debug|Any CPU
		{E64D94FE-ACD9-4F13-99FF-98C994CCB90B}.Debug|Any CPU.Build.0 = Debug|Any CPU
		{E64D94FE-ACD9-4F13-99FF-98C994CCB90B}.Release|Any CPU.ActiveCfg = Release|Any CPU
		{E64D94FE-ACD9-4F13-99FF-98C994CCB90B}.Release|Any CPU.Build.0 = Release|Any CPU
		{28AD7F44-6C8E-4433-BFE1-488A2E7D6444}.Debug|Any CPU.ActiveCfg = Debug|Any CPU
		{28AD7F44-6C8E-4433-BFE1-488A2E7D6444}.Debug|Any CPU.Build.0 = Debug|Any CPU
		{28AD7F44-6C8E-4433-BFE1-488A2E7D6444}.Release|Any CPU.ActiveCfg = Release|Any CPU
		{28AD7F44-6C8E-4433-BFE1-488A2E7D6444}.Release|Any CPU.Build.0 = Release|Any CPU
		{ABB87BDF-BA81-4964-90B4-E0932671485D}.Debug|Any CPU.ActiveCfg = Debug|Any CPU
		{ABB87BDF-BA81-4964-90B4-E0932671485D}.Debug|Any CPU.Build.0 = Debug|Any CPU
		{ABB87BDF-BA81-4964-90B4-E0932671485D}.Release|Any CPU.ActiveCfg = Release|Any CPU
		{ABB87BDF-BA81-4964-90B4-E0932671485D}.Release|Any CPU.Build.0 = Release|Any CPU
		{0F3D24AF-E4AE-4AD3-9B15-AEBDECEA12D2}.Debug|Any CPU.ActiveCfg = Debug|Any CPU
		{0F3D24AF-E4AE-4AD3-9B15-AEBDECEA12D2}.Debug|Any CPU.Build.0 = Debug|Any CPU
		{0F3D24AF-E4AE-4AD3-9B15-AEBDECEA12D2}.Release|Any CPU.ActiveCfg = Release|Any CPU
		{0F3D24AF-E4AE-4AD3-9B15-AEBDECEA12D2}.Release|Any CPU.Build.0 = Release|Any CPU
		{3699952C-F4A4-4631-87FB-DB41631522D8}.Debug|Any CPU.ActiveCfg = Debug|Any CPU
		{3699952C-F4A4-4631-87FB-DB41631522D8}.Debug|Any CPU.Build.0 = Debug|Any CPU
		{3699952C-F4A4-4631-87FB-DB41631522D8}.Release|Any CPU.ActiveCfg = Release|Any CPU
		{3699952C-F4A4-4631-87FB-DB41631522D8}.Release|Any CPU.Build.0 = Release|Any CPU
		{AB4A3289-804E-42F6-977A-2DB532DDA71B}.Debug|Any CPU.ActiveCfg = Debug|Any CPU
		{AB4A3289-804E-42F6-977A-2DB532DDA71B}.Debug|Any CPU.Build.0 = Debug|Any CPU
		{AB4A3289-804E-42F6-977A-2DB532DDA71B}.Release|Any CPU.ActiveCfg = Release|Any CPU
		{AB4A3289-804E-42F6-977A-2DB532DDA71B}.Release|Any CPU.Build.0 = Release|Any CPU
	EndGlobalSection
	GlobalSection(SolutionProperties) = preSolution
		HideSolutionNode = FALSE
	EndGlobalSection
	GlobalSection(NestedProjects) = preSolution
		{6E6C3277-4B8C-48E0-A248-8A3E186A1EA3} = {9886D6AF-FBDC-490F-84A5-96B98729AE3F}
		{52641865-C914-45CA-8707-004DE781232F} = {9886D6AF-FBDC-490F-84A5-96B98729AE3F}
		{88FF24B8-EDCD-49A0-A060-33A78442D957} = {9886D6AF-FBDC-490F-84A5-96B98729AE3F}
		{69D532B8-03E3-4CBD-8CB1-3BF0928F5137} = {9886D6AF-FBDC-490F-84A5-96B98729AE3F}
		{38378461-B5A8-4803-A39D-2DD265745317} = {52641865-C914-45CA-8707-004DE781232F}
		{3CF05D6A-D315-43DA-B212-2F7F9CFE86BC} = {52641865-C914-45CA-8707-004DE781232F}
		{B5045581-765C-41D1-9A61-EEA1368E6E5F} = {52641865-C914-45CA-8707-004DE781232F}
		{85387E60-2C40-4CD1-BBF4-C3046CE57254} = {6E6C3277-4B8C-48E0-A248-8A3E186A1EA3}
		{4E5AA867-99D0-4CC8-8494-F607C17A5248} = {6E6C3277-4B8C-48E0-A248-8A3E186A1EA3}
		{526F9502-0F33-4484-AFB9-C049C9CC3E9F} = {6E6C3277-4B8C-48E0-A248-8A3E186A1EA3}
		{E64D94FE-ACD9-4F13-99FF-98C994CCB90B} = {6E6C3277-4B8C-48E0-A248-8A3E186A1EA3}
		{28AD7F44-6C8E-4433-BFE1-488A2E7D6444} = {88FF24B8-EDCD-49A0-A060-33A78442D957}
		{ABB87BDF-BA81-4964-90B4-E0932671485D} = {88FF24B8-EDCD-49A0-A060-33A78442D957}
		{0F3D24AF-E4AE-4AD3-9B15-AEBDECEA12D2} = {88FF24B8-EDCD-49A0-A060-33A78442D957}
		{3699952C-F4A4-4631-87FB-DB41631522D8} = {88FF24B8-EDCD-49A0-A060-33A78442D957}
	EndGlobalSection
	GlobalSection(ExtensibilityGlobals) = postSolution
		SolutionGuid = {304A8313-43B0-4090-B5F5-454E84779120}
	EndGlobalSection
EndGlobal
